
Microsoft Visual Studio Solution File, Format Version 12.00
# Visual Studio Version 16
VisualStudioVersion = 16.0.30320.27
MinimumVisualStudioVersion = 10.0.40219.1
Project("{8BC9CEB8-8B4A-11D0-8D11-00A0C91BC942}") = "Lab_2.Task_1", "Lab_2.Task_1\Lab_2.Task_1.vcxproj", "{2826A783-B53A-4183-8E77-31900A9EB622}"
EndProject
Project("{8BC9CEB8-8B4A-11D0-8D11-00A0C91BC942}") = "Lab_2.Task.2", "Lab_2.Task.2\Lab_2.Task.2.vcxproj", "{E08FCB7D-9D7B-4FFC-A6EB-87497D9D3E47}"
EndProject
Project("{2150E333-8FDC-42A3-9474-1A3956D46DE8}") = "Lab_2", "Lab_2", "{BCCF12DB-7CBF-4598-8F34-60A1AFFE9ABA}"
EndProject
Project("{8BC9CEB8-8B4A-11D0-8D11-00A0C91BC942}") = "Lab_2.Task_3", "Lab_2.Task_3\Lab_2.Task_3.vcxproj", "{7EC1F7BD-E898-4EFA-977D-EEB124E25EE3}"
EndProject
Global
	GlobalSection(SolutionConfigurationPlatforms) = preSolution
		Debug|x64 = Debug|x64
		Debug|x86 = Debug|x86
		Release|x64 = Release|x64
		Release|x86 = Release|x86
	EndGlobalSection
	GlobalSection(ProjectConfigurationPlatforms) = postSolution
		{2826A783-B53A-4183-8E77-31900A9EB622}.Debug|x64.ActiveCfg = Debug|x64
		{2826A783-B53A-4183-8E77-31900A9EB622}.Debug|x64.Build.0 = Debug|x64
		{2826A783-B53A-4183-8E77-31900A9EB622}.Debug|x86.ActiveCfg = Debug|Win32
		{2826A783-B53A-4183-8E77-31900A9EB622}.Debug|x86.Build.0 = Debug|Win32
		{2826A783-B53A-4183-8E77-31900A9EB622}.Release|x64.ActiveCfg = Release|x64
		{2826A783-B53A-4183-8E77-31900A9EB622}.Release|x64.Build.0 = Release|x64
		{2826A783-B53A-4183-8E77-31900A9EB622}.Release|x86.ActiveCfg = Release|Win32
		{2826A783-B53A-4183-8E77-31900A9EB622}.Release|x86.Build.0 = Release|Win32
		{E08FCB7D-9D7B-4FFC-A6EB-87497D9D3E47}.Debug|x64.ActiveCfg = Debug|x64
		{E08FCB7D-9D7B-4FFC-A6EB-87497D9D3E47}.Debug|x64.Build.0 = Debug|x64
		{E08FCB7D-9D7B-4FFC-A6EB-87497D9D3E47}.Debug|x86.ActiveCfg = Debug|Win32
		{E08FCB7D-9D7B-4FFC-A6EB-87497D9D3E47}.Debug|x86.Build.0 = Debug|Win32
		{E08FCB7D-9D7B-4FFC-A6EB-87497D9D3E47}.Release|x64.ActiveCfg = Release|x64
		{E08FCB7D-9D7B-4FFC-A6EB-87497D9D3E47}.Release|x64.Build.0 = Release|x64
		{E08FCB7D-9D7B-4FFC-A6EB-87497D9D3E47}.Release|x86.ActiveCfg = Release|Win32
		{E08FCB7D-9D7B-4FFC-A6EB-87497D9D3E47}.Release|x86.Build.0 = Release|Win32
		{7EC1F7BD-E898-4EFA-977D-EEB124E25EE3}.Debug|x64.ActiveCfg = Debug|x64
		{7EC1F7BD-E898-4EFA-977D-EEB124E25EE3}.Debug|x64.Build.0 = Debug|x64
		{7EC1F7BD-E898-4EFA-977D-EEB124E25EE3}.Debug|x86.ActiveCfg = Debug|Win32
		{7EC1F7BD-E898-4EFA-977D-EEB124E25EE3}.Debug|x86.Build.0 = Debug|Win32
		{7EC1F7BD-E898-4EFA-977D-EEB124E25EE3}.Release|x64.ActiveCfg = Release|x64
		{7EC1F7BD-E898-4EFA-977D-EEB124E25EE3}.Release|x64.Build.0 = Release|x64
		{7EC1F7BD-E898-4EFA-977D-EEB124E25EE3}.Release|x86.ActiveCfg = Release|Win32
		{7EC1F7BD-E898-4EFA-977D-EEB124E25EE3}.Release|x86.Build.0 = Release|Win32
	EndGlobalSection
	GlobalSection(SolutionProperties) = preSolution
		HideSolutionNode = FALSE
	EndGlobalSection
	GlobalSection(NestedProjects) = preSolution
		{2826A783-B53A-4183-8E77-31900A9EB622} = {BCCF12DB-7CBF-4598-8F34-60A1AFFE9ABA}
		{E08FCB7D-9D7B-4FFC-A6EB-87497D9D3E47} = {BCCF12DB-7CBF-4598-8F34-60A1AFFE9ABA}
		{7EC1F7BD-E898-4EFA-977D-EEB124E25EE3} = {BCCF12DB-7CBF-4598-8F34-60A1AFFE9ABA}
	EndGlobalSection
	GlobalSection(ExtensibilityGlobals) = postSolution
		SolutionGuid = {7CFB2E11-F0BB-4D13-A32A-28DB729E1AE4}
	EndGlobalSection
EndGlobal
